// !$*UTF8*$!
{
	archiveVersion = 1;
	classes = {
	};
	objectVersion = 46;
	objects = {

/* Begin PBXFileReference section */
		BDDB6B8A18F91BAD0093A543 /* ChangeLogUnzip */ = {isa = PBXFileReference; lastKnownFileType = text; path = ChangeLogUnzip; sourceTree = "<group>"; };
		BDDB6B8B18F91BAD0093A543 /* crypt.h */ = {isa = PBXFileReference; lastKnownFileType = sourcecode.c.h; path = crypt.h; sourceTree = "<group>"; };
		BDDB6B8C18F91BAD0093A543 /* ioapi.c */ = {isa = PBXFileReference; lastKnownFileType = sourcecode.c.c; path = ioapi.c; sourceTree = "<group>"; };
		BDDB6B8D18F91BAD0093A543 /* ioapi.h */ = {isa = PBXFileReference; lastKnownFileType = sourcecode.c.h; path = ioapi.h; sourceTree = "<group>"; };
		BDDB6B8E18F91BAD0093A543 /* make_vms.com */ = {isa = PBXFileReference; lastKnownFileType = text; path = make_vms.com; sourceTree = "<group>"; };
		BDDB6B8F18F91BAD0093A543 /* Makefile */ = {isa = PBXFileReference; lastKnownFileType = sourcecode.make; path = Makefile; sourceTree = "<group>"; };
		BDDB6B9018F91BAD0093A543 /* miniunz.c */ = {isa = PBXFileReference; lastKnownFileType = sourcecode.c.c; path = miniunz.c; sourceTree = "<group>"; };
		BDDB6B9118F91BAD0093A543 /* minizip.c */ = {isa = PBXFileReference; lastKnownFileType = sourcecode.c.c; path = minizip.c; sourceTree = "<group>"; };
		BDDB6B9218F91BAD0093A543 /* MiniZip64_Changes.txt */ = {isa = PBXFileReference; lastKnownFileType = text; path = MiniZip64_Changes.txt; sourceTree = "<group>"; };
		BDDB6B9318F91BAD0093A543 /* MiniZip64_info.txt */ = {isa = PBXFileReference; lastKnownFileType = text; path = MiniZip64_info.txt; sourceTree = "<group>"; };
		BDDB6B9418F91BAD0093A543 /* mztools.c */ = {isa = PBXFileReference; lastKnownFileType = sourcecode.c.c; path = mztools.c; sourceTree = "<group>"; };
		BDDB6B9518F91BAD0093A543 /* mztools.h */ = {isa = PBXFileReference; lastKnownFileType = sourcecode.c.h; path = mztools.h; sourceTree = "<group>"; };
		BDDB6B9618F91BAD0093A543 /* unzip.c */ = {isa = PBXFileReference; lastKnownFileType = sourcecode.c.c; path = unzip.c; sourceTree = "<group>"; };
		BDDB6B9718F91BAD0093A543 /* unzip.h */ = {isa = PBXFileReference; lastKnownFileType = sourcecode.c.h; path = unzip.h; sourceTree = "<group>"; };
		BDDB6B9818F91BAD0093A543 /* zip.c */ = {isa = PBXFileReference; lastKnownFileType = sourcecode.c.c; path = zip.c; sourceTree = "<group>"; };
		BDDB6B9918F91BAD0093A543 /* zip.h */ = {isa = PBXFileReference; lastKnownFileType = sourcecode.c.h; path = zip.h; sourceTree = "<group>"; };
/* End PBXFileReference section */

/* Begin PBXGroup section */
		BDDB6B8418F91BAD0093A543 = {
			isa = PBXGroup;
			children = (
				BDDB6B8A18F91BAD0093A543 /* ChangeLogUnzip */,
				BDDB6B8B18F91BAD0093A543 /* crypt.h */,
				BDDB6B8C18F91BAD0093A543 /* ioapi.c */,
				BDDB6B8D18F91BAD0093A543 /* ioapi.h */,
				BDDB6B8E18F91BAD0093A543 /* make_vms.com */,
				BDDB6B8F18F91BAD0093A543 /* Makefile */,
				BDDB6B9018F91BAD0093A543 /* miniunz.c */,
				BDDB6B9118F91BAD0093A543 /* minizip.c */,
				BDDB6B9218F91BAD0093A543 /* MiniZip64_Changes.txt */,
				BDDB6B9318F91BAD0093A543 /* MiniZip64_info.txt */,
				BDDB6B9418F91BAD0093A543 /* mztools.c */,
				BDDB6B9518F91BAD0093A543 /* mztools.h */,
				BDDB6B9618F91BAD0093A543 /* unzip.c */,
				BDDB6B9718F91BAD0093A543 /* unzip.h */,
				BDDB6B9818F91BAD0093A543 /* zip.c */,
				BDDB6B9918F91BAD0093A543 /* zip.h */,
			);
			sourceTree = "<group>";
		};
/* End PBXGroup section */

/* Begin PBXLegacyTarget section */
		BDDB6B8918F91BAD0093A543 /* minizip */ = {
			isa = PBXLegacyTarget;
			buildArgumentsString = "$(ACTION)";
			buildConfigurationList = BDDB6B9A18F91BAD0093A543 /* Build configuration list for PBXLegacyTarget "minizip" */;
			buildPhases = (
			);
			buildToolPath = /usr/bin/make;
			buildWorkingDirectory = /Users/klemm/tmp/ZipArchive/minizip;
			dependencies = (
			);
			name = minizip;
			passBuildSettingsInEnvironment = 1;
			productName = minizip;
		};
/* End PBXLegacyTarget section */

/* Begin PBXProject section */
		BDDB6B8518F91BAD0093A543 /* Project object */ = {
			isa = PBXProject;
			attributes = {
				LastUpgradeCheck = 0510;
			};
			buildConfigurationList = BDDB6B8818F91BAD0093A543 /* Build configuration list for PBXProject "minizip" */;
			compatibilityVersion = "Xcode 3.2";
			developmentRegion = English;
			hasScannedForEncodings = 0;
			knownRegions = (
				en,
			);
			mainGroup = BDDB6B8418F91BAD0093A543;
			projectDirPath = "";
			projectRoot = "";
			targets = (
				BDDB6B8918F91BAD0093A543 /* minizip */,
			);
		};
/* End PBXProject section */

/* Begin XCBuildConfiguration section */
		BDDB6B8618F91BAD0093A543 /* Debug */ = {
			isa = XCBuildConfiguration;
			buildSettings = {
				COPY_PHASE_STRIP = NO;
				GCC_WARN_ABOUT_RETURN_TYPE = YES;
				GCC_WARN_UNUSED_VARIABLE = YES;
				MACOSX_DEPLOYMENT_TARGET = 10.6;
				ONLY_ACTIVE_ARCH = YES;
				SDKROOT = macosx;
			};
			name = Debug;
		};
		BDDB6B8718F91BAD0093A543 /* Release */ = {
			isa = XCBuildConfiguration;
			buildSettings = {
				COPY_PHASE_STRIP = YES;
				GCC_WARN_ABOUT_RETURN_TYPE = YES;
				GCC_WARN_UNUSED_VARIABLE = YES;
				MACOSX_DEPLOYMENT_TARGET = 10.6;
				SDKROOT = macosx;
			};
			name = Release;
		};
		BDDB6B9B18F91BAD0093A543 /* Debug */ = {
			isa = XCBuildConfiguration;
			buildSettings = {
				COPY_PHASE_STRIP = NO;
				DEBUGGING_SYMBOLS = YES;
				GCC_DYNAMIC_NO_PIC = NO;
				GCC_ENABLE_FIX_AND_CONTINUE = YES;
				GCC_GENERATE_DEBUGGING_SYMBOLS = YES;
				GCC_OPTIMIZATION_LEVEL = 0;
				OTHER_CFLAGS = "";
				OTHER_LDFLAGS = "";
				PRODUCT_NAME = minizip;
			};
			name = Debug;
		};
		BDDB6B9C18F91BAD0093A543 /* Release */ = {
			isa = XCBuildConfiguration;
			buildSettings = {
				COPY_PHASE_STRIP = YES;
				DEBUG_INFORMATION_FORMAT = "dwarf-with-dsym";
				GCC_ENABLE_FIX_AND_CONTINUE = NO;
				OTHER_CFLAGS = "";
				OTHER_LDFLAGS = "";
				PRODUCT_NAME = minizip;
			};
			name = Release;
		};
/* End XCBuildConfiguration section */

/* Begin XCConfigurationList section */
		BDDB6B8818F91BAD0093A543 /* Build configuration list for PBXProject "minizip" */ = {
			isa = XCConfigurationList;
			buildConfigurations = (
				BDDB6B8618F91BAD0093A543 /* Debug */,
				BDDB6B8718F91BAD0093A543 /* Release */,
			);
			defaultConfigurationIsVisible = 0;
			defaultConfigurationName = Release;
		};
		BDDB6B9A18F91BAD0093A543 /* Build configuration list for PBXLegacyTarget "minizip" */ = {
			isa = XCConfigurationList;
			buildConfigurations = (
				BDDB6B9B18F91BAD0093A543 /* Debug */,
				BDDB6B9C18F91BAD0093A543 /* Release */,
			);
			defaultConfigurationIsVisible = 0;
			defaultConfigurationName = Release;
		};
/* End XCConfigurationList section */
	};
	rootObject = BDDB6B8518F91BAD0093A543 /* Project object */;
}
